
Microsoft Visual Studio Solution File, Format Version 12.00
# Visual Studio Version 16
VisualStudioVersion = 16.0.29728.190
MinimumVisualStudioVersion = 10.0.40219.1
Project("{9A19103F-16F7-4668-BE54-9A1E7A4F7556}") = "Domain", "Domain\Domain.csproj", "{96B857E5-F6B1-49D6-9A11-1B3A23DFB13A}"
EndProject
Project("{9A19103F-16F7-4668-BE54-9A1E7A4F7556}") = "HTMLParser", "HTMLParser\HTMLParser.csproj", "{763F3265-DE09-480B-A357-4414BAA6378F}"
EndProject
Project("{9A19103F-16F7-4668-BE54-9A1E7A4F7556}") = "DAL.Base", "DAL.Base\DAL.Base.csproj", "{CE08334D-66F2-4BC2-B714-1FFD0E6A9A96}"
EndProject
Project("{2150E333-8FDC-42A3-9474-1A3956D46DE8}") = "Solution Items", "Solution Items", "{4DB36D8E-0DE3-4085-ADEF-04729F11BD9B}"
	ProjectSection(SolutionItems) = preProject
		Directory.Build.props = Directory.Build.props
	EndProjectSection
EndProject
Project("{9A19103F-16F7-4668-BE54-9A1E7A4F7556}") = "Contracts.DAL.Base", "Contracts.DAL.Base\Contracts.DAL.Base.csproj", "{3F91FD42-5AA8-4A5C-A2B3-FFDB8C996E54}"
EndProject
Project("{9A19103F-16F7-4668-BE54-9A1E7A4F7556}") = "DAL.App", "DAL.App\DAL.App.csproj", "{56498FE6-2371-423E-8392-B12A09820B5B}"
EndProject
Project("{9A19103F-16F7-4668-BE54-9A1E7A4F7556}") = "BLL.Base", "Bll.Base\BLL.Base.csproj", "{10D780A6-0118-4E11-8FD6-15BC6C7DEDD7}"
EndProject
Project("{9A19103F-16F7-4668-BE54-9A1E7A4F7556}") = "DAL.DTO", "DAL.DTO\DAL.DTO.csproj", "{1C9EEB10-2C57-45CB-8403-329DA5EAA31E}"
EndProject
Project("{9A19103F-16F7-4668-BE54-9A1E7A4F7556}") = "BLL.DTO", "BLL.DTO\BLL.DTO.csproj", "{2B8F25BC-4228-4813-A7A6-995A3BB7554B}"
EndProject
Project("{9A19103F-16F7-4668-BE54-9A1E7A4F7556}") = "Contracts.DAL.App", "Contracts.DAL.App\Contracts.DAL.App.csproj", "{1391A5CC-0303-4429-ABDC-F94DEF7B7A7F}"
EndProject
Project("{9A19103F-16F7-4668-BE54-9A1E7A4F7556}") = "Contracts.BLL.App", "Contracts.BLL.App\Contracts.BLL.App.csproj", "{800B678E-D0B2-45F7-AD55-C0AFCD641FA8}"
EndProject
Project("{9A19103F-16F7-4668-BE54-9A1E7A4F7556}") = "Contracts.BLL.Base", "Contracts.BLL.Base\Contracts.BLL.Base.csproj", "{B999BE52-AA24-4C15-96A6-34870F4F3C95}"
EndProject
Project("{9A19103F-16F7-4668-BE54-9A1E7A4F7556}") = "BLL.App", "BLL.App\BLL.App.csproj", "{17F3F81D-D2B1-47E3-877B-76AE6605331E}"
EndProject
Project("{9A19103F-16F7-4668-BE54-9A1E7A4F7556}") = "TimeableAppWeb", "TimeableAppWeb\TimeableAppWeb.csproj", "{9B16244B-371C-43AE-92B8-993D75FCCDA8}"
EndProject
Project("{FAE04EC0-301F-11D3-BF4B-00C04F79EFBC}") = "Resources", "Resources\Resources.csproj", "{304A8B64-AFAF-4BB7-A5D5-82A0C8CB5DAF}"
EndProject
Global
	GlobalSection(SolutionConfigurationPlatforms) = preSolution
		Debug|Any CPU = Debug|Any CPU
		Debug|x86 = Debug|x86
		Release|Any CPU = Release|Any CPU
		Release|x86 = Release|x86
	EndGlobalSection
	GlobalSection(ProjectConfigurationPlatforms) = postSolution
		{96B857E5-F6B1-49D6-9A11-1B3A23DFB13A}.Debug|Any CPU.ActiveCfg = Debug|Any CPU
		{96B857E5-F6B1-49D6-9A11-1B3A23DFB13A}.Debug|Any CPU.Build.0 = Debug|Any CPU
		{96B857E5-F6B1-49D6-9A11-1B3A23DFB13A}.Debug|x86.ActiveCfg = Debug|x86
		{96B857E5-F6B1-49D6-9A11-1B3A23DFB13A}.Debug|x86.Build.0 = Debug|x86
		{96B857E5-F6B1-49D6-9A11-1B3A23DFB13A}.Release|Any CPU.ActiveCfg = Release|Any CPU
		{96B857E5-F6B1-49D6-9A11-1B3A23DFB13A}.Release|Any CPU.Build.0 = Release|Any CPU
		{96B857E5-F6B1-49D6-9A11-1B3A23DFB13A}.Release|x86.ActiveCfg = Release|x86
		{96B857E5-F6B1-49D6-9A11-1B3A23DFB13A}.Release|x86.Build.0 = Release|x86
		{763F3265-DE09-480B-A357-4414BAA6378F}.Debug|Any CPU.ActiveCfg = Debug|Any CPU
		{763F3265-DE09-480B-A357-4414BAA6378F}.Debug|Any CPU.Build.0 = Debug|Any CPU
		{763F3265-DE09-480B-A357-4414BAA6378F}.Debug|x86.ActiveCfg = Debug|x86
		{763F3265-DE09-480B-A357-4414BAA6378F}.Debug|x86.Build.0 = Debug|x86
		{763F3265-DE09-480B-A357-4414BAA6378F}.Release|Any CPU.ActiveCfg = Release|Any CPU
		{763F3265-DE09-480B-A357-4414BAA6378F}.Release|Any CPU.Build.0 = Release|Any CPU
		{763F3265-DE09-480B-A357-4414BAA6378F}.Release|x86.ActiveCfg = Release|x86
		{763F3265-DE09-480B-A357-4414BAA6378F}.Release|x86.Build.0 = Release|x86
		{CE08334D-66F2-4BC2-B714-1FFD0E6A9A96}.Debug|Any CPU.ActiveCfg = Debug|Any CPU
		{CE08334D-66F2-4BC2-B714-1FFD0E6A9A96}.Debug|Any CPU.Build.0 = Debug|Any CPU
		{CE08334D-66F2-4BC2-B714-1FFD0E6A9A96}.Debug|x86.ActiveCfg = Debug|x86
		{CE08334D-66F2-4BC2-B714-1FFD0E6A9A96}.Debug|x86.Build.0 = Debug|x86
		{CE08334D-66F2-4BC2-B714-1FFD0E6A9A96}.Release|Any CPU.ActiveCfg = Release|Any CPU
		{CE08334D-66F2-4BC2-B714-1FFD0E6A9A96}.Release|Any CPU.Build.0 = Release|Any CPU
		{CE08334D-66F2-4BC2-B714-1FFD0E6A9A96}.Release|x86.ActiveCfg = Release|x86
		{CE08334D-66F2-4BC2-B714-1FFD0E6A9A96}.Release|x86.Build.0 = Release|x86
		{3F91FD42-5AA8-4A5C-A2B3-FFDB8C996E54}.Debug|Any CPU.ActiveCfg = Debug|Any CPU
		{3F91FD42-5AA8-4A5C-A2B3-FFDB8C996E54}.Debug|Any CPU.Build.0 = Debug|Any CPU
		{3F91FD42-5AA8-4A5C-A2B3-FFDB8C996E54}.Debug|x86.ActiveCfg = Debug|x86
		{3F91FD42-5AA8-4A5C-A2B3-FFDB8C996E54}.Debug|x86.Build.0 = Debug|x86
		{3F91FD42-5AA8-4A5C-A2B3-FFDB8C996E54}.Release|Any CPU.ActiveCfg = Release|Any CPU
		{3F91FD42-5AA8-4A5C-A2B3-FFDB8C996E54}.Release|Any CPU.Build.0 = Release|Any CPU
		{3F91FD42-5AA8-4A5C-A2B3-FFDB8C996E54}.Release|x86.ActiveCfg = Release|x86
		{3F91FD42-5AA8-4A5C-A2B3-FFDB8C996E54}.Release|x86.Build.0 = Release|x86
		{56498FE6-2371-423E-8392-B12A09820B5B}.Debug|Any CPU.ActiveCfg = Debug|Any CPU
		{56498FE6-2371-423E-8392-B12A09820B5B}.Debug|Any CPU.Build.0 = Debug|Any CPU
		{56498FE6-2371-423E-8392-B12A09820B5B}.Debug|x86.ActiveCfg = Debug|x86
		{56498FE6-2371-423E-8392-B12A09820B5B}.Debug|x86.Build.0 = Debug|x86
		{56498FE6-2371-423E-8392-B12A09820B5B}.Release|Any CPU.ActiveCfg = Release|Any CPU
		{56498FE6-2371-423E-8392-B12A09820B5B}.Release|Any CPU.Build.0 = Release|Any CPU
		{56498FE6-2371-423E-8392-B12A09820B5B}.Release|x86.ActiveCfg = Release|x86
		{56498FE6-2371-423E-8392-B12A09820B5B}.Release|x86.Build.0 = Release|x86
		{10D780A6-0118-4E11-8FD6-15BC6C7DEDD7}.Debug|Any CPU.ActiveCfg = Debug|Any CPU
		{10D780A6-0118-4E11-8FD6-15BC6C7DEDD7}.Debug|Any CPU.Build.0 = Debug|Any CPU
		{10D780A6-0118-4E11-8FD6-15BC6C7DEDD7}.Debug|x86.ActiveCfg = Debug|x86
		{10D780A6-0118-4E11-8FD6-15BC6C7DEDD7}.Debug|x86.Build.0 = Debug|x86
		{10D780A6-0118-4E11-8FD6-15BC6C7DEDD7}.Release|Any CPU.ActiveCfg = Release|Any CPU
		{10D780A6-0118-4E11-8FD6-15BC6C7DEDD7}.Release|Any CPU.Build.0 = Release|Any CPU
		{10D780A6-0118-4E11-8FD6-15BC6C7DEDD7}.Release|x86.ActiveCfg = Release|x86
		{10D780A6-0118-4E11-8FD6-15BC6C7DEDD7}.Release|x86.Build.0 = Release|x86
		{1C9EEB10-2C57-45CB-8403-329DA5EAA31E}.Debug|Any CPU.ActiveCfg = Debug|Any CPU
		{1C9EEB10-2C57-45CB-8403-329DA5EAA31E}.Debug|Any CPU.Build.0 = Debug|Any CPU
		{1C9EEB10-2C57-45CB-8403-329DA5EAA31E}.Debug|x86.ActiveCfg = Debug|x86
		{1C9EEB10-2C57-45CB-8403-329DA5EAA31E}.Debug|x86.Build.0 = Debug|x86
		{1C9EEB10-2C57-45CB-8403-329DA5EAA31E}.Release|Any CPU.ActiveCfg = Release|Any CPU
		{1C9EEB10-2C57-45CB-8403-329DA5EAA31E}.Release|Any CPU.Build.0 = Release|Any CPU
		{1C9EEB10-2C57-45CB-8403-329DA5EAA31E}.Release|x86.ActiveCfg = Release|x86
		{1C9EEB10-2C57-45CB-8403-329DA5EAA31E}.Release|x86.Build.0 = Release|x86
		{2B8F25BC-4228-4813-A7A6-995A3BB7554B}.Debug|Any CPU.ActiveCfg = Debug|Any CPU
		{2B8F25BC-4228-4813-A7A6-995A3BB7554B}.Debug|Any CPU.Build.0 = Debug|Any CPU
		{2B8F25BC-4228-4813-A7A6-995A3BB7554B}.Debug|x86.ActiveCfg = Debug|x86
		{2B8F25BC-4228-4813-A7A6-995A3BB7554B}.Debug|x86.Build.0 = Debug|x86
		{2B8F25BC-4228-4813-A7A6-995A3BB7554B}.Release|Any CPU.ActiveCfg = Release|Any CPU
		{2B8F25BC-4228-4813-A7A6-995A3BB7554B}.Release|Any CPU.Build.0 = Release|Any CPU
		{2B8F25BC-4228-4813-A7A6-995A3BB7554B}.Release|x86.ActiveCfg = Release|x86
		{2B8F25BC-4228-4813-A7A6-995A3BB7554B}.Release|x86.Build.0 = Release|x86
		{1391A5CC-0303-4429-ABDC-F94DEF7B7A7F}.Debug|Any CPU.ActiveCfg = Debug|Any CPU
		{1391A5CC-0303-4429-ABDC-F94DEF7B7A7F}.Debug|Any CPU.Build.0 = Debug|Any CPU
		{1391A5CC-0303-4429-ABDC-F94DEF7B7A7F}.Debug|x86.ActiveCfg = Debug|x86
		{1391A5CC-0303-4429-ABDC-F94DEF7B7A7F}.Debug|x86.Build.0 = Debug|x86
		{1391A5CC-0303-4429-ABDC-F94DEF7B7A7F}.Release|Any CPU.ActiveCfg = Release|Any CPU
		{1391A5CC-0303-4429-ABDC-F94DEF7B7A7F}.Release|Any CPU.Build.0 = Release|Any CPU
		{1391A5CC-0303-4429-ABDC-F94DEF7B7A7F}.Release|x86.ActiveCfg = Release|x86
		{1391A5CC-0303-4429-ABDC-F94DEF7B7A7F}.Release|x86.Build.0 = Release|x86
		{800B678E-D0B2-45F7-AD55-C0AFCD641FA8}.Debug|Any CPU.ActiveCfg = Debug|Any CPU
		{800B678E-D0B2-45F7-AD55-C0AFCD641FA8}.Debug|Any CPU.Build.0 = Debug|Any CPU
		{800B678E-D0B2-45F7-AD55-C0AFCD641FA8}.Debug|x86.ActiveCfg = Debug|x86
		{800B678E-D0B2-45F7-AD55-C0AFCD641FA8}.Debug|x86.Build.0 = Debug|x86
		{800B678E-D0B2-45F7-AD55-C0AFCD641FA8}.Release|Any CPU.ActiveCfg = Release|Any CPU
		{800B678E-D0B2-45F7-AD55-C0AFCD641FA8}.Release|Any CPU.Build.0 = Release|Any CPU
		{800B678E-D0B2-45F7-AD55-C0AFCD641FA8}.Release|x86.ActiveCfg = Release|x86
		{800B678E-D0B2-45F7-AD55-C0AFCD641FA8}.Release|x86.Build.0 = Release|x86
		{B999BE52-AA24-4C15-96A6-34870F4F3C95}.Debug|Any CPU.ActiveCfg = Debug|Any CPU
		{B999BE52-AA24-4C15-96A6-34870F4F3C95}.Debug|Any CPU.Build.0 = Debug|Any CPU
		{B999BE52-AA24-4C15-96A6-34870F4F3C95}.Debug|x86.ActiveCfg = Debug|x86
		{B999BE52-AA24-4C15-96A6-34870F4F3C95}.Debug|x86.Build.0 = Debug|x86
		{B999BE52-AA24-4C15-96A6-34870F4F3C95}.Release|Any CPU.ActiveCfg = Release|Any CPU
		{B999BE52-AA24-4C15-96A6-34870F4F3C95}.Release|Any CPU.Build.0 = Release|Any CPU
		{B999BE52-AA24-4C15-96A6-34870F4F3C95}.Release|x86.ActiveCfg = Release|x86
		{B999BE52-AA24-4C15-96A6-34870F4F3C95}.Release|x86.Build.0 = Release|x86
		{17F3F81D-D2B1-47E3-877B-76AE6605331E}.Debug|Any CPU.ActiveCfg = Debug|Any CPU
		{17F3F81D-D2B1-47E3-877B-76AE6605331E}.Debug|Any CPU.Build.0 = Debug|Any CPU
		{17F3F81D-D2B1-47E3-877B-76AE6605331E}.Debug|x86.ActiveCfg = Debug|x86
		{17F3F81D-D2B1-47E3-877B-76AE6605331E}.Debug|x86.Build.0 = Debug|x86
		{17F3F81D-D2B1-47E3-877B-76AE6605331E}.Release|Any CPU.ActiveCfg = Release|Any CPU
		{17F3F81D-D2B1-47E3-877B-76AE6605331E}.Release|Any CPU.Build.0 = Release|Any CPU
		{17F3F81D-D2B1-47E3-877B-76AE6605331E}.Release|x86.ActiveCfg = Release|x86
		{17F3F81D-D2B1-47E3-877B-76AE6605331E}.Release|x86.Build.0 = Release|x86
		{9B16244B-371C-43AE-92B8-993D75FCCDA8}.Debug|Any CPU.ActiveCfg = Debug|Any CPU
		{9B16244B-371C-43AE-92B8-993D75FCCDA8}.Debug|Any CPU.Build.0 = Debug|Any CPU
		{9B16244B-371C-43AE-92B8-993D75FCCDA8}.Debug|x86.ActiveCfg = Debug|x86
		{9B16244B-371C-43AE-92B8-993D75FCCDA8}.Debug|x86.Build.0 = Debug|x86
		{9B16244B-371C-43AE-92B8-993D75FCCDA8}.Release|Any CPU.ActiveCfg = Release|Any CPU
		{9B16244B-371C-43AE-92B8-993D75FCCDA8}.Release|Any CPU.Build.0 = Release|Any CPU
		{9B16244B-371C-43AE-92B8-993D75FCCDA8}.Release|x86.ActiveCfg = Release|x86
		{9B16244B-371C-43AE-92B8-993D75FCCDA8}.Release|x86.Build.0 = Release|x86
		{304A8B64-AFAF-4BB7-A5D5-82A0C8CB5DAF}.Debug|Any CPU.ActiveCfg = Debug|Any CPU
		{304A8B64-AFAF-4BB7-A5D5-82A0C8CB5DAF}.Debug|Any CPU.Build.0 = Debug|Any CPU
		{304A8B64-AFAF-4BB7-A5D5-82A0C8CB5DAF}.Debug|x86.ActiveCfg = Debug|Any CPU
		{304A8B64-AFAF-4BB7-A5D5-82A0C8CB5DAF}.Debug|x86.Build.0 = Debug|Any CPU
		{304A8B64-AFAF-4BB7-A5D5-82A0C8CB5DAF}.Release|Any CPU.ActiveCfg = Release|Any CPU
		{304A8B64-AFAF-4BB7-A5D5-82A0C8CB5DAF}.Release|Any CPU.Build.0 = Release|Any CPU
		{304A8B64-AFAF-4BB7-A5D5-82A0C8CB5DAF}.Release|x86.ActiveCfg = Release|Any CPU
		{304A8B64-AFAF-4BB7-A5D5-82A0C8CB5DAF}.Release|x86.Build.0 = Release|Any CPU
	EndGlobalSection
	GlobalSection(SolutionProperties) = preSolution
		HideSolutionNode = FALSE
	EndGlobalSection
	GlobalSection(ExtensibilityGlobals) = postSolution
		SolutionGuid = {588B885C-53B8-4D12-85F9-4834C78E7468}
	EndGlobalSection
EndGlobal
